
Microsoft Visual Studio Solution File, Format Version 12.00
# Visual Studio Version 16
VisualStudioVersion = 16.0.31019.35
MinimumVisualStudioVersion = 10.0.40219.1
Project("{2150E333-8FDC-42A3-9474-1A3956D46DE8}") = "Api", "Api", "{C33DE0E7-91B1-41C4-8E6E-E209D41B4ECD}"
EndProject
Project("{2150E333-8FDC-42A3-9474-1A3956D46DE8}") = "Services", "Services", "{4F5EC52C-9839-4AA3-BF93-805C6233841E}"
EndProject
Project("{2150E333-8FDC-42A3-9474-1A3956D46DE8}") = "DataAccess", "DataAccess", "{760A74FF-2999-4423-B3EE-5BF3BEBB43BE}"
EndProject
Project("{9A19103F-16F7-4668-BE54-9A1E7A4F7556}") = "EasyFoodOrder.Api.Restaurant", "EasyFoodOrder.Api.Restaurant\EasyFoodOrder.Api.Restaurant.csproj", "{7B6E745A-10E2-4867-B723-91BD295A63C8}"
EndProject
Project("{9A19103F-16F7-4668-BE54-9A1E7A4F7556}") = "EasyFoodOrder.Services", "EasyFoodOrder.Services\EasyFoodOrder.Services.csproj", "{1DC60683-E8E9-4624-8F3C-75844C23886D}"
EndProject
Project("{9A19103F-16F7-4668-BE54-9A1E7A4F7556}") = "EasyFoodOrder.Common.DataAccess", "EasyFoodOrder.Common.DataAccess\EasyFoodOrder.Common.DataAccess.csproj", "{1CBFB97D-71EC-460C-90B9-257D1EB4236C}"
EndProject
Global
	GlobalSection(SolutionConfigurationPlatforms) = preSolution
		Debug|Any CPU = Debug|Any CPU
		Release|Any CPU = Release|Any CPU
	EndGlobalSection
	GlobalSection(ProjectConfigurationPlatforms) = postSolution
		{7B6E745A-10E2-4867-B723-91BD295A63C8}.Debug|Any CPU.ActiveCfg = Debug|Any CPU
		{7B6E745A-10E2-4867-B723-91BD295A63C8}.Debug|Any CPU.Build.0 = Debug|Any CPU
		{7B6E745A-10E2-4867-B723-91BD295A63C8}.Release|Any CPU.ActiveCfg = Release|Any CPU
		{7B6E745A-10E2-4867-B723-91BD295A63C8}.Release|Any CPU.Build.0 = Release|Any CPU
		{1DC60683-E8E9-4624-8F3C-75844C23886D}.Debug|Any CPU.ActiveCfg = Debug|Any CPU
		{1DC60683-E8E9-4624-8F3C-75844C23886D}.Debug|Any CPU.Build.0 = Debug|Any CPU
		{1DC60683-E8E9-4624-8F3C-75844C23886D}.Release|Any CPU.ActiveCfg = Release|Any CPU
		{1DC60683-E8E9-4624-8F3C-75844C23886D}.Release|Any CPU.Build.0 = Release|Any CPU
		{1CBFB97D-71EC-460C-90B9-257D1EB4236C}.Debug|Any CPU.ActiveCfg = Debug|Any CPU
		{1CBFB97D-71EC-460C-90B9-257D1EB4236C}.Debug|Any CPU.Build.0 = Debug|Any CPU
		{1CBFB97D-71EC-460C-90B9-257D1EB4236C}.Release|Any CPU.ActiveCfg = Release|Any CPU
		{1CBFB97D-71EC-460C-90B9-257D1EB4236C}.Release|Any CPU.Build.0 = Release|Any CPU
	EndGlobalSection
	GlobalSection(SolutionProperties) = preSolution
		HideSolutionNode = FALSE
	EndGlobalSection
	GlobalSection(NestedProjects) = preSolution
		{7B6E745A-10E2-4867-B723-91BD295A63C8} = {C33DE0E7-91B1-41C4-8E6E-E209D41B4ECD}
		{1DC60683-E8E9-4624-8F3C-75844C23886D} = {4F5EC52C-9839-4AA3-BF93-805C6233841E}
		{1CBFB97D-71EC-460C-90B9-257D1EB4236C} = {760A74FF-2999-4423-B3EE-5BF3BEBB43BE}
	EndGlobalSection
	GlobalSection(ExtensibilityGlobals) = postSolution
		SolutionGuid = {B4B9E999-1595-4ECD-9D83-F1602CD7620E}
	EndGlobalSection
EndGlobal
